
Microsoft Visual Studio Solution File, Format Version 12.00
# Visual Studio Version 17
VisualStudioVersion = 17.3.32929.385
MinimumVisualStudioVersion = 10.0.40219.1
Project("{FAE04EC0-301F-11D3-BF4B-00C04F79EFBC}") = "Malom.WPF", "Malom.WPF\Malom.WPF.csproj", "{5DD35EDD-A9E5-428C-951E-64F249D414CA}"
EndProject
Project("{9A19103F-16F7-4668-BE54-9A1E7A4F7556}") = "Malom", "Malom\Malom.csproj", "{2D6A08DB-0284-459C-BE6C-4177620A6F0E}"
EndProject
Project("{9A19103F-16F7-4668-BE54-9A1E7A4F7556}") = "MalomTest", "MalomTest\MalomTest.csproj", "{B7B1D634-F41B-4C6C-8917-60DDE05F6895}"
EndProject
Global
	GlobalSection(SolutionConfigurationPlatforms) = preSolution
		Debug|Any CPU = Debug|Any CPU
		Release|Any CPU = Release|Any CPU
	EndGlobalSection
	GlobalSection(ProjectConfigurationPlatforms) = postSolution
		{5DD35EDD-A9E5-428C-951E-64F249D414CA}.Debug|Any CPU.ActiveCfg = Debug|Any CPU
		{5DD35EDD-A9E5-428C-951E-64F249D414CA}.Debug|Any CPU.Build.0 = Debug|Any CPU
		{5DD35EDD-A9E5-428C-951E-64F249D414CA}.Release|Any CPU.ActiveCfg = Release|Any CPU
		{5DD35EDD-A9E5-428C-951E-64F249D414CA}.Release|Any CPU.Build.0 = Release|Any CPU
		{2D6A08DB-0284-459C-BE6C-4177620A6F0E}.Debug|Any CPU.ActiveCfg = Debug|Any CPU
		{2D6A08DB-0284-459C-BE6C-4177620A6F0E}.Debug|Any CPU.Build.0 = Debug|Any CPU
		{2D6A08DB-0284-459C-BE6C-4177620A6F0E}.Release|Any CPU.ActiveCfg = Release|Any CPU
		{2D6A08DB-0284-459C-BE6C-4177620A6F0E}.Release|Any CPU.Build.0 = Release|Any CPU
		{B7B1D634-F41B-4C6C-8917-60DDE05F6895}.Debug|Any CPU.ActiveCfg = Debug|Any CPU
		{B7B1D634-F41B-4C6C-8917-60DDE05F6895}.Debug|Any CPU.Build.0 = Debug|Any CPU
		{B7B1D634-F41B-4C6C-8917-60DDE05F6895}.Release|Any CPU.ActiveCfg = Release|Any CPU
		{B7B1D634-F41B-4C6C-8917-60DDE05F6895}.Release|Any CPU.Build.0 = Release|Any CPU
	EndGlobalSection
	GlobalSection(SolutionProperties) = preSolution
		HideSolutionNode = FALSE
	EndGlobalSection
	GlobalSection(ExtensibilityGlobals) = postSolution
		SolutionGuid = {85507E40-9480-4EFA-BCB6-11B3F883AE24}
	EndGlobalSection
EndGlobal
